
Microsoft Visual Studio Solution File, Format Version 12.00
# Visual Studio Version 16
VisualStudioVersion = 16.0.33801.447
MinimumVisualStudioVersion = 10.0.40219.1
Project("{FAE04EC0-301F-11D3-BF4B-00C04F79EFBC}") = "Gogin203Ekz", "Gogin203Ekz\Gogin203Ekz.csproj", "{F44F0BDE-6028-42C9-81CB-70E16B96466E}"
EndProject
Global
	GlobalSection(SolutionConfigurationPlatforms) = preSolution
		Debug|Any CPU = Debug|Any CPU
		Release|Any CPU = Release|Any CPU
	EndGlobalSection
	GlobalSection(ProjectConfigurationPlatforms) = postSolution
		{F44F0BDE-6028-42C9-81CB-70E16B96466E}.Debug|Any CPU.ActiveCfg = Debug|Any CPU
		{F44F0BDE-6028-42C9-81CB-70E16B96466E}.Debug|Any CPU.Build.0 = Debug|Any CPU
		{F44F0BDE-6028-42C9-81CB-70E16B96466E}.Release|Any CPU.ActiveCfg = Release|Any CPU
		{F44F0BDE-6028-42C9-81CB-70E16B96466E}.Release|Any CPU.Build.0 = Release|Any CPU
	EndGlobalSection
	GlobalSection(SolutionProperties) = preSolution
		HideSolutionNode = FALSE
	EndGlobalSection
	GlobalSection(ExtensibilityGlobals) = postSolution
		SolutionGuid = {61A6895C-DE58-4A6D-8387-0C47B84F3D21}
	EndGlobalSection
EndGlobal
